// !$*UTF8*$!
{
	archiveVersion = 1;
	classes = {
	};
	objectVersion = 50;
	objects = {

/* Begin PBXBuildFile section */
		3464C56425F6F3810007CD3A /* __App.swift in Sources */ = {isa = PBXBuildFile; fileRef = 3464C56325F6F3810007CD3A /* __App.swift */; };
		3464C56625F6F3810007CD3A /* ContentView.swift in Sources */ = {isa = PBXBuildFile; fileRef = 3464C56525F6F3810007CD3A /* ContentView.swift */; };
		3464C56825F6F3820007CD3A /* Assets.xcassets in Resources */ = {isa = PBXBuildFile; fileRef = 3464C56725F6F3820007CD3A /* Assets.xcassets */; };
		3464C56B25F6F3820007CD3A /* Preview Assets.xcassets in Resources */ = {isa = PBXBuildFile; fileRef = 3464C56A25F6F3820007CD3A /* Preview Assets.xcassets */; };
		3464C57525F6F3C50007CD3A /* Solver.cpp in Sources */ = {isa = PBXBuildFile; fileRef = 3464C57425F6F3C50007CD3A /* Solver.cpp */; };
		3464C57825F6F49F0007CD3A /* SwiftSolver.swift in Sources */ = {isa = PBXBuildFile; fileRef = 3464C57725F6F49F0007CD3A /* SwiftSolver.swift */; };
		3464C57B25F6F9E90007CD3A /* SwiftUIView.swift in Sources */ = {isa = PBXBuildFile; fileRef = 3464C57A25F6F9E90007CD3A /* SwiftUIView.swift */; };
/* End PBXBuildFile section */

/* Begin PBXFileReference section */
		3464C56025F6F3810007CD3A /* 双摆.app */ = {isa = PBXFileReference; explicitFileType = wrapper.application; includeInIndex = 0; path = "双摆.app"; sourceTree = BUILT_PRODUCTS_DIR; };
		3464C56325F6F3810007CD3A /* __App.swift */ = {isa = PBXFileReference; lastKnownFileType = sourcecode.swift; path = __App.swift; sourceTree = "<group>"; };
		3464C56525F6F3810007CD3A /* ContentView.swift */ = {isa = PBXFileReference; lastKnownFileType = sourcecode.swift; path = ContentView.swift; sourceTree = "<group>"; };
		3464C56725F6F3820007CD3A /* Assets.xcassets */ = {isa = PBXFileReference; lastKnownFileType = folder.assetcatalog; path = Assets.xcassets; sourceTree = "<group>"; };
		3464C56A25F6F3820007CD3A /* Preview Assets.xcassets */ = {isa = PBXFileReference; lastKnownFileType = folder.assetcatalog; path = "Preview Assets.xcassets"; sourceTree = "<group>"; };
		3464C56C25F6F3820007CD3A /* Info.plist */ = {isa = PBXFileReference; lastKnownFileType = text.plist.xml; path = Info.plist; sourceTree = "<group>"; };
		3464C57325F6F3C50007CD3A /* 双摆-Bridging-Header.h */ = {isa = PBXFileReference; lastKnownFileType = sourcecode.c.h; path = "双摆-Bridging-Header.h"; sourceTree = "<group>"; };
		3464C57425F6F3C50007CD3A /* Solver.cpp */ = {isa = PBXFileReference; lastKnownFileType = sourcecode.cpp.cpp; path = Solver.cpp; sourceTree = "<group>"; };
		3464C57725F6F49F0007CD3A /* SwiftSolver.swift */ = {isa = PBXFileReference; lastKnownFileType = sourcecode.swift; path = SwiftSolver.swift; sourceTree = "<group>"; };
		3464C57A25F6F9E90007CD3A /* SwiftUIView.swift */ = {isa = PBXFileReference; lastKnownFileType = sourcecode.swift; path = SwiftUIView.swift; sourceTree = "<group>"; };
		3464C57D25F73A8C0007CD3A /* 双摆.entitlements */ = {isa = PBXFileReference; lastKnownFileType = text.plist.entitlements; path = "双摆.entitlements"; sourceTree = "<group>"; };
/* End PBXFileReference section */

/* Begin PBXFrameworksBuildPhase section */
		3464C55D25F6F3810007CD3A /* Frameworks */ = {
			isa = PBXFrameworksBuildPhase;
			buildActionMask = 2147483647;
			files = (
			);
			runOnlyForDeploymentPostprocessing = 0;
		};
/* End PBXFrameworksBuildPhase section */

/* Begin PBXGroup section */
		3464C55725F6F3810007CD3A = {
			isa = PBXGroup;
			children = (
				3464C56225F6F3810007CD3A /* 双摆 */,
				3464C56125F6F3810007CD3A /* Products */,
			);
			sourceTree = "<group>";
		};
		3464C56125F6F3810007CD3A /* Products */ = {
			isa = PBXGroup;
			children = (
				3464C56025F6F3810007CD3A /* 双摆.app */,
			);
			name = Products;
			sourceTree = "<group>";
		};
		3464C56225F6F3810007CD3A /* 双摆 */ = {
			isa = PBXGroup;
			children = (
				3464C57D25F73A8C0007CD3A /* 双摆.entitlements */,
				3464C56325F6F3810007CD3A /* __App.swift */,
				3464C56525F6F3810007CD3A /* ContentView.swift */,
				3464C56725F6F3820007CD3A /* Assets.xcassets */,
				3464C56C25F6F3820007CD3A /* Info.plist */,
				3464C56925F6F3820007CD3A /* Preview Content */,
				3464C57425F6F3C50007CD3A /* Solver.cpp */,
				3464C57325F6F3C50007CD3A /* 双摆-Bridging-Header.h */,
				3464C57725F6F49F0007CD3A /* SwiftSolver.swift */,
				3464C57A25F6F9E90007CD3A /* SwiftUIView.swift */,
			);
			path = "双摆";
			sourceTree = "<group>";
		};
		3464C56925F6F3820007CD3A /* Preview Content */ = {
			isa = PBXGroup;
			children = (
				3464C56A25F6F3820007CD3A /* Preview Assets.xcassets */,
			);
			path = "Preview Content";
			sourceTree = "<group>";
		};
/* End PBXGroup section */

/* Begin PBXNativeTarget section */
		3464C55F25F6F3810007CD3A /* 双摆 */ = {
			isa = PBXNativeTarget;
			buildConfigurationList = 3464C56F25F6F3820007CD3A /* Build configuration list for PBXNativeTarget "双摆" */;
			buildPhases = (
				3464C55C25F6F3810007CD3A /* Sources */,
				3464C55D25F6F3810007CD3A /* Frameworks */,
				3464C55E25F6F3810007CD3A /* Resources */,
			);
			buildRules = (
			);
			dependencies = (
			);
			name = "双摆";
			productName = "双摆";
			productReference = 3464C56025F6F3810007CD3A /* 双摆.app */;
			productType = "com.apple.product-type.application";
		};
/* End PBXNativeTarget section */

/* Begin PBXProject section */
		3464C55825F6F3810007CD3A /* Project object */ = {
			isa = PBXProject;
			attributes = {
				LastSwiftUpdateCheck = 1240;
				LastUpgradeCheck = 1240;
				TargetAttributes = {
					3464C55F25F6F3810007CD3A = {
						CreatedOnToolsVersion = 12.4;
						LastSwiftMigration = 1240;
					};
				};
			};
			buildConfigurationList = 3464C55B25F6F3810007CD3A /* Build configuration list for PBXProject "双摆" */;
			compatibilityVersion = "Xcode 9.3";
			developmentRegion = en;
			hasScannedForEncodings = 0;
			knownRegions = (
				en,
				Base,
			);
			mainGroup = 3464C55725F6F3810007CD3A;
			productRefGroup = 3464C56125F6F3810007CD3A /* Products */;
			projectDirPath = "";
			projectRoot = "";
			targets = (
				3464C55F25F6F3810007CD3A /* 双摆 */,
			);
		};
/* End PBXProject section */

/* Begin PBXResourcesBuildPhase section */
		3464C55E25F6F3810007CD3A /* Resources */ = {
			isa = PBXResourcesBuildPhase;
			buildActionMask = 2147483647;
			files = (
				3464C56B25F6F3820007CD3A /* Preview Assets.xcassets in Resources */,
				3464C56825F6F3820007CD3A /* Assets.xcassets in Resources */,
			);
			runOnlyForDeploymentPostprocessing = 0;
		};
/* End PBXResourcesBuildPhase section */

/* Begin PBXSourcesBuildPhase section */
		3464C55C25F6F3810007CD3A /* Sources */ = {
			isa = PBXSourcesBuildPhase;
			buildActionMask = 2147483647;
			files = (
				3464C57825F6F49F0007CD3A /* SwiftSolver.swift in Sources */,
				3464C57525F6F3C50007CD3A /* Solver.cpp in Sources */,
				3464C56625F6F3810007CD3A /* ContentView.swift in Sources */,
				3464C56425F6F3810007CD3A /* __App.swift in Sources */,
				3464C57B25F6F9E90007CD3A /* SwiftUIView.swift in Sources */,
			);
			runOnlyForDeploymentPostprocessing = 0;
		};
/* End PBXSourcesBuildPhase section */

/* Begin XCBuildConfiguration section */
		3464C56D25F6F3820007CD3A /* Debug */ = {
			isa = XCBuildConfiguration;
			buildSettings = {
				ALWAYS_SEARCH_USER_PATHS = NO;
				CLANG_ANALYZER_NONNULL = YES;
				CLANG_ANALYZER_NUMBER_OBJECT_CONVERSION = YES_AGGRESSIVE;
				CLANG_CXX_LANGUAGE_STANDARD = "gnu++14";
				CLANG_CXX_LIBRARY = "libc++";
				CLANG_ENABLE_MODULES = YES;
				CLANG_ENABLE_OBJC_ARC = YES;
				CLANG_ENABLE_OBJC_WEAK = YES;
				CLANG_WARN_BLOCK_CAPTURE_AUTORELEASING = YES;
				CLANG_WARN_BOOL_CONVERSION = YES;
				CLANG_WARN_COMMA = YES;
				CLANG_WARN_CONSTANT_CONVERSION = YES;
				CLANG_WARN_DEPRECATED_OBJC_IMPLEMENTATIONS = YES;
				CLANG_WARN_DIRECT_OBJC_ISA_USAGE = YES_ERROR;
				CLANG_WARN_DOCUMENTATION_COMMENTS = YES;
				CLANG_WARN_EMPTY_BODY = YES;
				CLANG_WARN_ENUM_CONVERSION = YES;
				CLANG_WARN_INFINITE_RECURSION = YES;
				CLANG_WARN_INT_CONVERSION = YES;
				CLANG_WARN_NON_LITERAL_NULL_CONVERSION = YES;
				CLANG_WARN_OBJC_IMPLICIT_RETAIN_SELF = YES;
				CLANG_WARN_OBJC_LITERAL_CONVERSION = YES;
				CLANG_WARN_OBJC_ROOT_CLASS = YES_ERROR;
				CLANG_WARN_QUOTED_INCLUDE_IN_FRAMEWORK_HEADER = YES;
				CLANG_WARN_RANGE_LOOP_ANALYSIS = YES;
				CLANG_WARN_STRICT_PROTOTYPES = YES;
				CLANG_WARN_SUSPICIOUS_MOVE = YES;
				CLANG_WARN_UNGUARDED_AVAILABILITY = YES_AGGRESSIVE;
				CLANG_WARN_UNREACHABLE_CODE = YES;
				CLANG_WARN__DUPLICATE_METHOD_MATCH = YES;
				COPY_PHASE_STRIP = NO;
				DEBUG_INFORMATION_FORMAT = dwarf;
				ENABLE_STRICT_OBJC_MSGSEND = YES;
				ENABLE_TESTABILITY = YES;
				GCC_C_LANGUAGE_STANDARD = gnu11;
				GCC_DYNAMIC_NO_PIC = NO;
				GCC_NO_COMMON_BLOCKS = YES;
				GCC_OPTIMIZATION_LEVEL = 0;
				GCC_PREPROCESSOR_DEFINITIONS = (
					"DEBUG=1",
					"$(inherited)",
				);
				GCC_WARN_64_TO_32_BIT_CONVERSION = YES;
				GCC_WARN_ABOUT_RETURN_TYPE = YES_ERROR;
				GCC_WARN_UNDECLARED_SELECTOR = YES;
				GCC_WARN_UNINITIALIZED_AUTOS = YES_AGGRESSIVE;
				GCC_WARN_UNUSED_FUNCTION = YES;
				GCC_WARN_UNUSED_VARIABLE = YES;
				IPHONEOS_DEPLOYMENT_TARGET = 14.4;
				MTL_ENABLE_DEBUG_INFO = INCLUDE_SOURCE;
				MTL_FAST_MATH = YES;
				ONLY_ACTIVE_ARCH = YES;
				SDKROOT = iphoneos;
				SWIFT_ACTIVE_COMPILATION_CONDITIONS = DEBUG;
				SWIFT_OPTIMIZATION_LEVEL = "-Onone";
			};
			name = Debug;
		};
		3464C56E25F6F3820007CD3A /* Release */ = {
			isa = XCBuildConfiguration;
			buildSettings = {
				ALWAYS_SEARCH_USER_PATHS = NO;
				CLANG_ANALYZER_NONNULL = YES;
				CLANG_ANALYZER_NUMBER_OBJECT_CONVERSION = YES_AGGRESSIVE;
				CLANG_CXX_LANGUAGE_STANDARD = "gnu++14";
				CLANG_CXX_LIBRARY = "libc++";
				CLANG_ENABLE_MODULES = YES;
				CLANG_ENABLE_OBJC_ARC = YES;
				CLANG_ENABLE_OBJC_WEAK = YES;
				CLANG_WARN_BLOCK_CAPTURE_AUTORELEASING = YES;
				CLANG_WARN_BOOL_CONVERSION = YES;
				CLANG_WARN_COMMA = YES;
				CLANG_WARN_CONSTANT_CONVERSION = YES;
				CLANG_WARN_DEPRECATED_OBJC_IMPLEMENTATIONS = YES;
				CLANG_WARN_DIRECT_OBJC_ISA_USAGE = YES_ERROR;
				CLANG_WARN_DOCUMENTATION_COMMENTS = YES;
				CLANG_WARN_EMPTY_BODY = YES;
				CLANG_WARN_ENUM_CONVERSION = YES;
				CLANG_WARN_INFINITE_RECURSION = YES;
				CLANG_WARN_INT_CONVERSION = YES;
				CLANG_WARN_NON_LITERAL_NULL_CONVERSION = YES;
				CLANG_WARN_OBJC_IMPLICIT_RETAIN_SELF = YES;
				CLANG_WARN_OBJC_LITERAL_CONVERSION = YES;
				CLANG_WARN_OBJC_ROOT_CLASS = YES_ERROR;
				CLANG_WARN_QUOTED_INCLUDE_IN_FRAMEWORK_HEADER = YES;
				CLANG_WARN_RANGE_LOOP_ANALYSIS = YES;
				CLANG_WARN_STRICT_PROTOTYPES = YES;
				CLANG_WARN_SUSPICIOUS_MOVE = YES;
				CLANG_WARN_UNGUARDED_AVAILABILITY = YES_AGGRESSIVE;
				CLANG_WARN_UNREACHABLE_CODE = YES;
				CLANG_WARN__DUPLICATE_METHOD_MATCH = YES;
				COPY_PHASE_STRIP = NO;
				DEBUG_INFORMATION_FORMAT = "dwarf-with-dsym";
				ENABLE_NS_ASSERTIONS = NO;
				ENABLE_STRICT_OBJC_MSGSEND = YES;
				GCC_C_LANGUAGE_STANDARD = gnu11;
				GCC_NO_COMMON_BLOCKS = YES;
				GCC_WARN_64_TO_32_BIT_CONVERSION = YES;
				GCC_WARN_ABOUT_RETURN_TYPE = YES_ERROR;
				GCC_WARN_UNDECLARED_SELECTOR = YES;
				GCC_WARN_UNINITIALIZED_AUTOS = YES_AGGRESSIVE;
				GCC_WARN_UNUSED_FUNCTION = YES;
				GCC_WARN_UNUSED_VARIABLE = YES;
				IPHONEOS_DEPLOYMENT_TARGET = 14.4;
				MTL_ENABLE_DEBUG_INFO = NO;
				MTL_FAST_MATH = YES;
				SDKROOT = iphoneos;
				SWIFT_COMPILATION_MODE = wholemodule;
				SWIFT_OPTIMIZATION_LEVEL = "-O";
				VALIDATE_PRODUCT = YES;
			};
			name = Release;
		};
		3464C57025F6F3820007CD3A /* Debug */ = {
			isa = XCBuildConfiguration;
			buildSettings = {
				ASSETCATALOG_COMPILER_APPICON_NAME = AppIcon;
				ASSETCATALOG_COMPILER_GLOBAL_ACCENT_COLOR_NAME = AccentColor;
				CLANG_ENABLE_MODULES = YES;
				CODE_SIGN_ENTITLEMENTS = "双摆/双摆.entitlements";
				CODE_SIGN_STYLE = Automatic;
				DEVELOPMENT_ASSET_PATHS = "\"双摆/Preview Content\"";
				DEVELOPMENT_TEAM = 4TPFZC24WX;
				ENABLE_PREVIEWS = YES;
				INFOPLIST_FILE = "双摆/Info.plist";
				IPHONEOS_DEPLOYMENT_TARGET = 14.0;
				LD_RUNPATH_SEARCH_PATHS = (
					"$(inherited)",
					"@executable_path/Frameworks",
				);
				PRODUCT_BUNDLE_IDENTIFIER = "ligongzzz.--";
				PRODUCT_NAME = "$(TARGET_NAME)";
				SUPPORTS_MACCATALYST = YES;
				SWIFT_OBJC_BRIDGING_HEADER = "双摆/双摆-Bridging-Header.h";
				SWIFT_OPTIMIZATION_LEVEL = "-Onone";
				SWIFT_VERSION = 5.0;
				TARGETED_DEVICE_FAMILY = "1,2,6";
			};
			name = Debug;
		};
		3464C57125F6F3820007CD3A /* Release */ = {
			isa = XCBuildConfiguration;
			buildSettings = {
				ASSETCATALOG_COMPILER_APPICON_NAME = AppIcon;
				ASSETCATALOG_COMPILER_GLOBAL_ACCENT_COLOR_NAME = AccentColor;
				CLANG_ENABLE_MODULES = YES;
				CODE_SIGN_ENTITLEMENTS = "双摆/双摆.entitlements";
				CODE_SIGN_STYLE = Automatic;
				DEVELOPMENT_ASSET_PATHS = "\"双摆/Preview Content\"";
				DEVELOPMENT_TEAM = 4TPFZC24WX;
				ENABLE_PREVIEWS = YES;
				INFOPLIST_FILE = "双摆/Info.plist";
				IPHONEOS_DEPLOYMENT_TARGET = 14.0;
				LD_RUNPATH_SEARCH_PATHS = (
					"$(inherited)",
					"@executable_path/Frameworks",
				);
				PRODUCT_BUNDLE_IDENTIFIER = "ligongzzz.--";
				PRODUCT_NAME = "$(TARGET_NAME)";
				SUPPORTS_MACCATALYST = YES;
				SWIFT_OBJC_BRIDGING_HEADER = "双摆/双摆-Bridging-Header.h";
				SWIFT_VERSION = 5.0;
				TARGETED_DEVICE_FAMILY = "1,2,6";
			};
			name = Release;
		};
/* End XCBuildConfiguration section */

/* Begin XCConfigurationList section */
		3464C55B25F6F3810007CD3A /* Build configuration list for PBXProject "双摆" */ = {
			isa = XCConfigurationList;
			buildConfigurations = (
				3464C56D25F6F3820007CD3A /* Debug */,
				3464C56E25F6F3820007CD3A /* Release */,
			);
			defaultConfigurationIsVisible = 0;
			defaultConfigurationName = Release;
		};
		3464C56F25F6F3820007CD3A /* Build configuration list for PBXNativeTarget "双摆" */ = {
			isa = XCConfigurationList;
			buildConfigurations = (
				3464C57025F6F3820007CD3A /* Debug */,
				3464C57125F6F3820007CD3A /* Release */,
			);
			defaultConfigurationIsVisible = 0;
			defaultConfigurationName = Release;
		};
/* End XCConfigurationList section */
	};
	rootObject = 3464C55825F6F3810007CD3A /* Project object */;
}
